
Microsoft Visual Studio Solution File, Format Version 12.00
# Visual Studio Version 16
VisualStudioVersion = 16.0.29905.134
MinimumVisualStudioVersion = 10.0.40219.1
Project("{FAE04EC0-301F-11D3-BF4B-00C04F79EFBC}") = "mvc1", "mvc1.csproj", "{F8C2B997-CFD7-40CD-83EB-83525C4B818A}"
EndProject
Global
	GlobalSection(SolutionConfigurationPlatforms) = preSolution
		Debug|Any CPU = Debug|Any CPU
		Release|Any CPU = Release|Any CPU
	EndGlobalSection
	GlobalSection(ProjectConfigurationPlatforms) = postSolution
		{F8C2B997-CFD7-40CD-83EB-83525C4B818A}.Debug|Any CPU.ActiveCfg = Debug|Any CPU
		{F8C2B997-CFD7-40CD-83EB-83525C4B818A}.Debug|Any CPU.Build.0 = Debug|Any CPU
		{F8C2B997-CFD7-40CD-83EB-83525C4B818A}.Release|Any CPU.ActiveCfg = Release|Any CPU
		{F8C2B997-CFD7-40CD-83EB-83525C4B818A}.Release|Any CPU.Build.0 = Release|Any CPU
	EndGlobalSection
	GlobalSection(SolutionProperties) = preSolution
		HideSolutionNode = FALSE
	EndGlobalSection
	GlobalSection(ExtensibilityGlobals) = postSolution
		SolutionGuid = {AD85075A-5D8A-43F9-BB20-6524C649D442}
	EndGlobalSection
EndGlobal
